
Microsoft Visual Studio Solution File, Format Version 12.00
# Visual Studio Version 17
VisualStudioVersion = 17.0.32014.148
MinimumVisualStudioVersion = 10.0.40219.1
Project("{FAE04EC0-301F-11D3-BF4B-00C04F79EFBC}") = "AdditionOf2Numbers", "AdditionOf2Numbers.csproj", "{F0433697-9489-40C8-8F83-9B605EEF7FC0}"
EndProject
Project("{FAE04EC0-301F-11D3-BF4B-00C04F79EFBC}") = "UnitTestProject1", "..\UnitTestProject1\UnitTestProject1.csproj", "{0F377B98-4166-41E5-B05A-C40DBB64312A}"
EndProject
Global
	GlobalSection(SolutionConfigurationPlatforms) = preSolution
		Debug|Any CPU = Debug|Any CPU
		Release|Any CPU = Release|Any CPU
	EndGlobalSection
	GlobalSection(ProjectConfigurationPlatforms) = postSolution
		{F0433697-9489-40C8-8F83-9B605EEF7FC0}.Debug|Any CPU.ActiveCfg = Debug|Any CPU
		{F0433697-9489-40C8-8F83-9B605EEF7FC0}.Debug|Any CPU.Build.0 = Debug|Any CPU
		{F0433697-9489-40C8-8F83-9B605EEF7FC0}.Release|Any CPU.ActiveCfg = Release|Any CPU
		{F0433697-9489-40C8-8F83-9B605EEF7FC0}.Release|Any CPU.Build.0 = Release|Any CPU
		{0F377B98-4166-41E5-B05A-C40DBB64312A}.Debug|Any CPU.ActiveCfg = Debug|Any CPU
		{0F377B98-4166-41E5-B05A-C40DBB64312A}.Debug|Any CPU.Build.0 = Debug|Any CPU
		{0F377B98-4166-41E5-B05A-C40DBB64312A}.Release|Any CPU.ActiveCfg = Release|Any CPU
		{0F377B98-4166-41E5-B05A-C40DBB64312A}.Release|Any CPU.Build.0 = Release|Any CPU
	EndGlobalSection
	GlobalSection(SolutionProperties) = preSolution
		HideSolutionNode = FALSE
	EndGlobalSection
	GlobalSection(ExtensibilityGlobals) = postSolution
		SolutionGuid = {7B8E4DD4-AEF4-4C5A-9F59-364462B36A7E}
	EndGlobalSection
EndGlobal
